
Microsoft Visual Studio Solution File, Format Version 12.00
# Visual Studio Version 16
VisualStudioVersion = 16.0.30717.126
MinimumVisualStudioVersion = 10.0.40219.1
Project("{FAE04EC0-301F-11D3-BF4B-00C04F79EFBC}") = "MB.Domain", "MB.Domain\MB.Domain.csproj", "{6EB961A4-72B1-4D5E-996C-4A418AEE66D2}"
EndProject
Project("{FAE04EC0-301F-11D3-BF4B-00C04F79EFBC}") = "MB.Application.Contracts", "MB.Application.Contracts\MB.Application.Contracts.csproj", "{3B782038-C9C6-4EA8-A626-50B5584A8820}"
EndProject
Project("{FAE04EC0-301F-11D3-BF4B-00C04F79EFBC}") = "MB.Application", "MB.Application\MB.Application.csproj", "{8A3125B6-28BA-43F5-B1C1-5C117ECB1CBA}"
EndProject
Project("{FAE04EC0-301F-11D3-BF4B-00C04F79EFBC}") = "MB.Infrastructure.EFCore", "MB.Infrastructure.EFCore\MB.Infrastructure.EFCore.csproj", "{A63A3D58-9559-4448-8C57-BBCAAF4686D5}"
EndProject
Project("{FAE04EC0-301F-11D3-BF4B-00C04F79EFBC}") = "MB.Presentation.MVCCore", "MB.Presentation.MVCCore\MB.Presentation.MVCCore.csproj", "{304D6059-8ACE-4855-86BD-E15F7FA6735C}"
EndProject
Project("{FAE04EC0-301F-11D3-BF4B-00C04F79EFBC}") = "MB.Infrastracture.Core", "MB.Infrastracture.Core\MB.Infrastracture.Core.csproj", "{367684E1-1689-4C53-93D3-8592EA46DCF3}"
EndProject
Global
	GlobalSection(SolutionConfigurationPlatforms) = preSolution
		Debug|Any CPU = Debug|Any CPU
		Release|Any CPU = Release|Any CPU
	EndGlobalSection
	GlobalSection(ProjectConfigurationPlatforms) = postSolution
		{6EB961A4-72B1-4D5E-996C-4A418AEE66D2}.Debug|Any CPU.ActiveCfg = Debug|Any CPU
		{6EB961A4-72B1-4D5E-996C-4A418AEE66D2}.Debug|Any CPU.Build.0 = Debug|Any CPU
		{6EB961A4-72B1-4D5E-996C-4A418AEE66D2}.Release|Any CPU.ActiveCfg = Release|Any CPU
		{6EB961A4-72B1-4D5E-996C-4A418AEE66D2}.Release|Any CPU.Build.0 = Release|Any CPU
		{3B782038-C9C6-4EA8-A626-50B5584A8820}.Debug|Any CPU.ActiveCfg = Debug|Any CPU
		{3B782038-C9C6-4EA8-A626-50B5584A8820}.Debug|Any CPU.Build.0 = Debug|Any CPU
		{3B782038-C9C6-4EA8-A626-50B5584A8820}.Release|Any CPU.ActiveCfg = Release|Any CPU
		{3B782038-C9C6-4EA8-A626-50B5584A8820}.Release|Any CPU.Build.0 = Release|Any CPU
		{8A3125B6-28BA-43F5-B1C1-5C117ECB1CBA}.Debug|Any CPU.ActiveCfg = Debug|Any CPU
		{8A3125B6-28BA-43F5-B1C1-5C117ECB1CBA}.Debug|Any CPU.Build.0 = Debug|Any CPU
		{8A3125B6-28BA-43F5-B1C1-5C117ECB1CBA}.Release|Any CPU.ActiveCfg = Release|Any CPU
		{8A3125B6-28BA-43F5-B1C1-5C117ECB1CBA}.Release|Any CPU.Build.0 = Release|Any CPU
		{A63A3D58-9559-4448-8C57-BBCAAF4686D5}.Debug|Any CPU.ActiveCfg = Debug|Any CPU
		{A63A3D58-9559-4448-8C57-BBCAAF4686D5}.Debug|Any CPU.Build.0 = Debug|Any CPU
		{A63A3D58-9559-4448-8C57-BBCAAF4686D5}.Release|Any CPU.ActiveCfg = Release|Any CPU
		{A63A3D58-9559-4448-8C57-BBCAAF4686D5}.Release|Any CPU.Build.0 = Release|Any CPU
		{304D6059-8ACE-4855-86BD-E15F7FA6735C}.Debug|Any CPU.ActiveCfg = Debug|Any CPU
		{304D6059-8ACE-4855-86BD-E15F7FA6735C}.Debug|Any CPU.Build.0 = Debug|Any CPU
		{304D6059-8ACE-4855-86BD-E15F7FA6735C}.Release|Any CPU.ActiveCfg = Release|Any CPU
		{304D6059-8ACE-4855-86BD-E15F7FA6735C}.Release|Any CPU.Build.0 = Release|Any CPU
		{367684E1-1689-4C53-93D3-8592EA46DCF3}.Debug|Any CPU.ActiveCfg = Debug|Any CPU
		{367684E1-1689-4C53-93D3-8592EA46DCF3}.Debug|Any CPU.Build.0 = Debug|Any CPU
		{367684E1-1689-4C53-93D3-8592EA46DCF3}.Release|Any CPU.ActiveCfg = Release|Any CPU
		{367684E1-1689-4C53-93D3-8592EA46DCF3}.Release|Any CPU.Build.0 = Release|Any CPU
	EndGlobalSection
	GlobalSection(SolutionProperties) = preSolution
		HideSolutionNode = FALSE
	EndGlobalSection
	GlobalSection(ExtensibilityGlobals) = postSolution
		SolutionGuid = {0AA6402B-7385-457C-AA4A-F440A915FF51}
	EndGlobalSection
EndGlobal
